// !$*UTF8*$!
{
	archiveVersion = 1;
	classes = {
	};
	objectVersion = 46;
	objects = {

/* Begin PBXBuildFile section */
		5E367326B61FA300BDF1E6E8 /* libPods-Twitter Search.a in Frameworks */ = {isa = PBXBuildFile; fileRef = 54C1129DD3618B6DA7F88D10 /* libPods-Twitter Search.a */; };
		EC5718661C522EE10030C49B /* main.m in Sources */ = {isa = PBXBuildFile; fileRef = EC5718651C522EE10030C49B /* main.m */; };
		EC5718691C522EE10030C49B /* AppDelegate.m in Sources */ = {isa = PBXBuildFile; fileRef = EC5718681C522EE10030C49B /* AppDelegate.m */; };
		EC57186C1C522EE10030C49B /* ViewController.m in Sources */ = {isa = PBXBuildFile; fileRef = EC57186B1C522EE10030C49B /* ViewController.m */; };
		EC57186F1C522EE10030C49B /* Main.storyboard in Resources */ = {isa = PBXBuildFile; fileRef = EC57186D1C522EE10030C49B /* Main.storyboard */; };
		EC5718721C522EE10030C49B /* Twitter_Search.xcdatamodeld in Sources */ = {isa = PBXBuildFile; fileRef = EC5718701C522EE10030C49B /* Twitter_Search.xcdatamodeld */; };
		EC5718741C522EE10030C49B /* Assets.xcassets in Resources */ = {isa = PBXBuildFile; fileRef = EC5718731C522EE10030C49B /* Assets.xcassets */; };
		EC5718771C522EE10030C49B /* LaunchScreen.storyboard in Resources */ = {isa = PBXBuildFile; fileRef = EC5718751C522EE10030C49B /* LaunchScreen.storyboard */; };
		EC80C6A71C52EB1E00708704 /* Social.framework in Frameworks */ = {isa = PBXBuildFile; fileRef = EC80C6A61C52EB1E00708704 /* Social.framework */; };
		EC80C6A91C52EB9700708704 /* Accounts.framework in Frameworks */ = {isa = PBXBuildFile; fileRef = EC80C6A81C52EB9700708704 /* Accounts.framework */; };
		EC80C6AB1C53023200708704 /* Twitter.framework in Frameworks */ = {isa = PBXBuildFile; fileRef = EC80C6AA1C53023200708704 /* Twitter.framework */; };
		ECA812B21C5318BE006F0839 /* Tweet+CoreDataProperties.m in Sources */ = {isa = PBXBuildFile; fileRef = ECA812AF1C5318BE006F0839 /* Tweet+CoreDataProperties.m */; };
		ECA812B31C5318BE006F0839 /* Tweet.m in Sources */ = {isa = PBXBuildFile; fileRef = ECA812B11C5318BE006F0839 /* Tweet.m */; };
/* End PBXBuildFile section */

/* Begin PBXFileReference section */
		54C1129DD3618B6DA7F88D10 /* libPods-Twitter Search.a */ = {isa = PBXFileReference; explicitFileType = archive.ar; includeInIndex = 0; path = "libPods-Twitter Search.a"; sourceTree = BUILT_PRODUCTS_DIR; };
		6022CEB3B83BD1AEA99EF06C /* Pods-Twitter Search.release.xcconfig */ = {isa = PBXFileReference; includeInIndex = 1; lastKnownFileType = text.xcconfig; name = "Pods-Twitter Search.release.xcconfig"; path = "Pods/Target Support Files/Pods-Twitter Search/Pods-Twitter Search.release.xcconfig"; sourceTree = "<group>"; };
		981FE933B8707D203BE3260B /* Pods-Twitter Search.debug.xcconfig */ = {isa = PBXFileReference; includeInIndex = 1; lastKnownFileType = text.xcconfig; name = "Pods-Twitter Search.debug.xcconfig"; path = "Pods/Target Support Files/Pods-Twitter Search/Pods-Twitter Search.debug.xcconfig"; sourceTree = "<group>"; };
		EC5718611C522EE10030C49B /* Twitter Search.app */ = {isa = PBXFileReference; explicitFileType = wrapper.application; includeInIndex = 0; path = "Twitter Search.app"; sourceTree = BUILT_PRODUCTS_DIR; };
		EC5718651C522EE10030C49B /* main.m */ = {isa = PBXFileReference; lastKnownFileType = sourcecode.c.objc; path = main.m; sourceTree = "<group>"; };
		EC5718671C522EE10030C49B /* AppDelegate.h */ = {isa = PBXFileReference; lastKnownFileType = sourcecode.c.h; path = AppDelegate.h; sourceTree = "<group>"; };
		EC5718681C522EE10030C49B /* AppDelegate.m */ = {isa = PBXFileReference; lastKnownFileType = sourcecode.c.objc; path = AppDelegate.m; sourceTree = "<group>"; };
		EC57186A1C522EE10030C49B /* ViewController.h */ = {isa = PBXFileReference; lastKnownFileType = sourcecode.c.h; path = ViewController.h; sourceTree = "<group>"; };
		EC57186B1C522EE10030C49B /* ViewController.m */ = {isa = PBXFileReference; lastKnownFileType = sourcecode.c.objc; path = ViewController.m; sourceTree = "<group>"; };
		EC57186E1C522EE10030C49B /* Base */ = {isa = PBXFileReference; lastKnownFileType = file.storyboard; name = Base; path = Base.lproj/Main.storyboard; sourceTree = "<group>"; };
		EC5718711C522EE10030C49B /* Twitter_Search.xcdatamodel */ = {isa = PBXFileReference; lastKnownFileType = wrapper.xcdatamodel; path = Twitter_Search.xcdatamodel; sourceTree = "<group>"; };
		EC5718731C522EE10030C49B /* Assets.xcassets */ = {isa = PBXFileReference; lastKnownFileType = folder.assetcatalog; path = Assets.xcassets; sourceTree = "<group>"; };
		EC5718761C522EE10030C49B /* Base */ = {isa = PBXFileReference; lastKnownFileType = file.storyboard; name = Base; path = Base.lproj/LaunchScreen.storyboard; sourceTree = "<group>"; };
		EC5718781C522EE10030C49B /* Info.plist */ = {isa = PBXFileReference; lastKnownFileType = text.plist.xml; path = Info.plist; sourceTree = "<group>"; };
		EC57187E1C52303D0030C49B /* README.md */ = {isa = PBXFileReference; fileEncoding = 4; lastKnownFileType = net.daringfireball.markdown; path = README.md; sourceTree = "<group>"; };
		EC80C6A61C52EB1E00708704 /* Social.framework */ = {isa = PBXFileReference; lastKnownFileType = wrapper.framework; name = Social.framework; path = System/Library/Frameworks/Social.framework; sourceTree = SDKROOT; };
		EC80C6A81C52EB9700708704 /* Accounts.framework */ = {isa = PBXFileReference; lastKnownFileType = wrapper.framework; name = Accounts.framework; path = System/Library/Frameworks/Accounts.framework; sourceTree = SDKROOT; };
		EC80C6AA1C53023200708704 /* Twitter.framework */ = {isa = PBXFileReference; lastKnownFileType = wrapper.framework; name = Twitter.framework; path = System/Library/Frameworks/Twitter.framework; sourceTree = SDKROOT; };
		ECA812AE1C5318BE006F0839 /* Tweet+CoreDataProperties.h */ = {isa = PBXFileReference; fileEncoding = 4; lastKnownFileType = sourcecode.c.h; path = "Tweet+CoreDataProperties.h"; sourceTree = "<group>"; };
		ECA812AF1C5318BE006F0839 /* Tweet+CoreDataProperties.m */ = {isa = PBXFileReference; fileEncoding = 4; lastKnownFileType = sourcecode.c.objc; path = "Tweet+CoreDataProperties.m"; sourceTree = "<group>"; };
		ECA812B01C5318BE006F0839 /* Tweet.h */ = {isa = PBXFileReference; fileEncoding = 4; lastKnownFileType = sourcecode.c.h; path = Tweet.h; sourceTree = "<group>"; };
		ECA812B11C5318BE006F0839 /* Tweet.m */ = {isa = PBXFileReference; fileEncoding = 4; lastKnownFileType = sourcecode.c.objc; path = Tweet.m; sourceTree = "<group>"; };
/* End PBXFileReference section */

/* Begin PBXFrameworksBuildPhase section */
		EC57185E1C522EE10030C49B /* Frameworks */ = {
			isa = PBXFrameworksBuildPhase;
			buildActionMask = 2147483647;
			files = (
				EC80C6AB1C53023200708704 /* Twitter.framework in Frameworks */,
				EC80C6A91C52EB9700708704 /* Accounts.framework in Frameworks */,
				EC80C6A71C52EB1E00708704 /* Social.framework in Frameworks */,
				5E367326B61FA300BDF1E6E8 /* libPods-Twitter Search.a in Frameworks */,
			);
			runOnlyForDeploymentPostprocessing = 0;
		};
/* End PBXFrameworksBuildPhase section */

/* Begin PBXGroup section */
		66D834496AC2DA635ED00F26 /* Frameworks */ = {
			isa = PBXGroup;
			children = (
				EC80C6AA1C53023200708704 /* Twitter.framework */,
				EC80C6A81C52EB9700708704 /* Accounts.framework */,
				EC80C6A61C52EB1E00708704 /* Social.framework */,
				54C1129DD3618B6DA7F88D10 /* libPods-Twitter Search.a */,
			);
			name = Frameworks;
			sourceTree = "<group>";
		};
		EC5718581C522EE10030C49B = {
			isa = PBXGroup;
			children = (
				EC57187E1C52303D0030C49B /* README.md */,
				EC5718631C522EE10030C49B /* Twitter Search */,
				EC5718621C522EE10030C49B /* Products */,
				EFF2447DE395B0FB49733FF2 /* Pods */,
				66D834496AC2DA635ED00F26 /* Frameworks */,
			);
			sourceTree = "<group>";
		};
		EC5718621C522EE10030C49B /* Products */ = {
			isa = PBXGroup;
			children = (
				EC5718611C522EE10030C49B /* Twitter Search.app */,
			);
			name = Products;
			sourceTree = "<group>";
		};
		EC5718631C522EE10030C49B /* Twitter Search */ = {
			isa = PBXGroup;
			children = (
				ECA812AE1C5318BE006F0839 /* Tweet+CoreDataProperties.h */,
				ECA812AF1C5318BE006F0839 /* Tweet+CoreDataProperties.m */,
				ECA812B01C5318BE006F0839 /* Tweet.h */,
				ECA812B11C5318BE006F0839 /* Tweet.m */,
				EC5718671C522EE10030C49B /* AppDelegate.h */,
				EC5718681C522EE10030C49B /* AppDelegate.m */,
				EC57186A1C522EE10030C49B /* ViewController.h */,
				EC57186B1C522EE10030C49B /* ViewController.m */,
				EC57186D1C522EE10030C49B /* Main.storyboard */,
				EC5718731C522EE10030C49B /* Assets.xcassets */,
				EC5718751C522EE10030C49B /* LaunchScreen.storyboard */,
				EC5718781C522EE10030C49B /* Info.plist */,
				EC5718701C522EE10030C49B /* Twitter_Search.xcdatamodeld */,
				EC5718641C522EE10030C49B /* Supporting Files */,
			);
			path = "Twitter Search";
			sourceTree = "<group>";
		};
		EC5718641C522EE10030C49B /* Supporting Files */ = {
			isa = PBXGroup;
			children = (
				EC5718651C522EE10030C49B /* main.m */,
			);
			name = "Supporting Files";
			sourceTree = "<group>";
		};
		EFF2447DE395B0FB49733FF2 /* Pods */ = {
			isa = PBXGroup;
			children = (
				981FE933B8707D203BE3260B /* Pods-Twitter Search.debug.xcconfig */,
				6022CEB3B83BD1AEA99EF06C /* Pods-Twitter Search.release.xcconfig */,
			);
			name = Pods;
			sourceTree = "<group>";
		};
/* End PBXGroup section */

/* Begin PBXNativeTarget section */
		EC5718601C522EE10030C49B /* Twitter Search */ = {
			isa = PBXNativeTarget;
			buildConfigurationList = EC57187B1C522EE10030C49B /* Build configuration list for PBXNativeTarget "Twitter Search" */;
			buildPhases = (
				EE5AB1B0F7B7AB44D133F9B7 /* Check Pods Manifest.lock */,
				EC57185D1C522EE10030C49B /* Sources */,
				EC57185E1C522EE10030C49B /* Frameworks */,
				EC57185F1C522EE10030C49B /* Resources */,
				CB838D3B3E7F6726EF2B9386 /* Embed Pods Frameworks */,
				71C6D609245B86A06D6382C1 /* Copy Pods Resources */,
			);
			buildRules = (
			);
			dependencies = (
			);
			name = "Twitter Search";
			productName = "Twitter Search";
			productReference = EC5718611C522EE10030C49B /* Twitter Search.app */;
			productType = "com.apple.product-type.application";
		};
/* End PBXNativeTarget section */

/* Begin PBXProject section */
		EC5718591C522EE10030C49B /* Project object */ = {
			isa = PBXProject;
			attributes = {
				LastUpgradeCheck = 0720;
				ORGANIZATIONNAME = yogesh;
				TargetAttributes = {
					EC5718601C522EE10030C49B = {
						CreatedOnToolsVersion = 7.2;
					};
				};
			};
			buildConfigurationList = EC57185C1C522EE10030C49B /* Build configuration list for PBXProject "Twitter Search" */;
			compatibilityVersion = "Xcode 3.2";
			developmentRegion = English;
			hasScannedForEncodings = 0;
			knownRegions = (
				en,
				Base,
			);
			mainGroup = EC5718581C522EE10030C49B;
			productRefGroup = EC5718621C522EE10030C49B /* Products */;
			projectDirPath = "";
			projectRoot = "";
			targets = (
				EC5718601C522EE10030C49B /* Twitter Search */,
			);
		};
/* End PBXProject section */

/* Begin PBXResourcesBuildPhase section */
		EC57185F1C522EE10030C49B /* Resources */ = {
			isa = PBXResourcesBuildPhase;
			buildActionMask = 2147483647;
			files = (
				EC5718771C522EE10030C49B /* LaunchScreen.storyboard in Resources */,
				EC5718741C522EE10030C49B /* Assets.xcassets in Resources */,
				EC57186F1C522EE10030C49B /* Main.storyboard in Resources */,
			);
			runOnlyForDeploymentPostprocessing = 0;
		};
/* End PBXResourcesBuildPhase section */

/* Begin PBXShellScriptBuildPhase section */
		71C6D609245B86A06D6382C1 /* Copy Pods Resources */ = {
			isa = PBXShellScriptBuildPhase;
			buildActionMask = 2147483647;
			files = (
			);
			inputPaths = (
			);
			name = "Copy Pods Resources";
			outputPaths = (
			);
			runOnlyForDeploymentPostprocessing = 0;
			shellPath = /bin/sh;
			shellScript = "\"${SRCROOT}/Pods/Target Support Files/Pods-Twitter Search/Pods-Twitter Search-resources.sh\"\n";
			showEnvVarsInLog = 0;
		};
		CB838D3B3E7F6726EF2B9386 /* Embed Pods Frameworks */ = {
			isa = PBXShellScriptBuildPhase;
			buildActionMask = 2147483647;
			files = (
			);
			inputPaths = (
			);
			name = "Embed Pods Frameworks";
			outputPaths = (
			);
			runOnlyForDeploymentPostprocessing = 0;
			shellPath = /bin/sh;
			shellScript = "\"${SRCROOT}/Pods/Target Support Files/Pods-Twitter Search/Pods-Twitter Search-frameworks.sh\"\n";
			showEnvVarsInLog = 0;
		};
		EE5AB1B0F7B7AB44D133F9B7 /* Check Pods Manifest.lock */ = {
			isa = PBXShellScriptBuildPhase;
			buildActionMask = 2147483647;
			files = (
			);
			inputPaths = (
			);
			name = "Check Pods Manifest.lock";
			outputPaths = (
			);
			runOnlyForDeploymentPostprocessing = 0;
			shellPath = /bin/sh;
			shellScript = "diff \"${PODS_ROOT}/../Podfile.lock\" \"${PODS_ROOT}/Manifest.lock\" > /dev/null\nif [[ $? != 0 ]] ; then\n    cat << EOM\nerror: The sandbox is not in sync with the Podfile.lock. Run 'pod install' or update your CocoaPods installation.\nEOM\n    exit 1\nfi\n";
			showEnvVarsInLog = 0;
		};
/* End PBXShellScriptBuildPhase section */

/* Begin PBXSourcesBuildPhase section */
		EC57185D1C522EE10030C49B /* Sources */ = {
			isa = PBXSourcesBuildPhase;
			buildActionMask = 2147483647;
			files = (
				ECA812B21C5318BE006F0839 /* Tweet+CoreDataProperties.m in Sources */,
				EC57186C1C522EE10030C49B /* ViewController.m in Sources */,
				EC5718691C522EE10030C49B /* AppDelegate.m in Sources */,
				ECA812B31C5318BE006F0839 /* Tweet.m in Sources */,
				EC5718661C522EE10030C49B /* main.m in Sources */,
				EC5718721C522EE10030C49B /* Twitter_Search.xcdatamodeld in Sources */,
			);
			runOnlyForDeploymentPostprocessing = 0;
		};
/* End PBXSourcesBuildPhase section */

/* Begin PBXVariantGroup section */
		EC57186D1C522EE10030C49B /* Main.storyboard */ = {
			isa = PBXVariantGroup;
			children = (
				EC57186E1C522EE10030C49B /* Base */,
			);
			name = Main.storyboard;
			sourceTree = "<group>";
		};
		EC5718751C522EE10030C49B /* LaunchScreen.storyboard */ = {
			isa = PBXVariantGroup;
			children = (
				EC5718761C522EE10030C49B /* Base */,
			);
			name = LaunchScreen.storyboard;
			sourceTree = "<group>";
		};
/* End PBXVariantGroup section */

/* Begin XCBuildConfiguration section */
		EC5718791C522EE10030C49B /* Debug */ = {
			isa = XCBuildConfiguration;
			buildSettings = {
				ALWAYS_SEARCH_USER_PATHS = NO;
				CLANG_CXX_LANGUAGE_STANDARD = "gnu++0x";
				CLANG_CXX_LIBRARY = "libc++";
				CLANG_ENABLE_MODULES = YES;
				CLANG_ENABLE_OBJC_ARC = YES;
				CLANG_WARN_BOOL_CONVERSION = YES;
				CLANG_WARN_CONSTANT_CONVERSION = YES;
				CLANG_WARN_DIRECT_OBJC_ISA_USAGE = YES_ERROR;
				CLANG_WARN_EMPTY_BODY = YES;
				CLANG_WARN_ENUM_CONVERSION = YES;
				CLANG_WARN_INT_CONVERSION = YES;
				CLANG_WARN_OBJC_ROOT_CLASS = YES_ERROR;
				CLANG_WARN_UNREACHABLE_CODE = YES;
				CLANG_WARN__DUPLICATE_METHOD_MATCH = YES;
				"CODE_SIGN_IDENTITY[sdk=iphoneos*]" = "iPhone Developer";
				COPY_PHASE_STRIP = NO;
				DEBUG_INFORMATION_FORMAT = dwarf;
				ENABLE_STRICT_OBJC_MSGSEND = YES;
				ENABLE_TESTABILITY = YES;
				GCC_C_LANGUAGE_STANDARD = gnu99;
				GCC_DYNAMIC_NO_PIC = NO;
				GCC_NO_COMMON_BLOCKS = YES;
				GCC_OPTIMIZATION_LEVEL = 0;
				GCC_PREPROCESSOR_DEFINITIONS = (
					"DEBUG=1",
					"$(inherited)",
				);
				GCC_WARN_64_TO_32_BIT_CONVERSION = YES;
				GCC_WARN_ABOUT_RETURN_TYPE = YES_ERROR;
				GCC_WARN_UNDECLARED_SELECTOR = YES;
				GCC_WARN_UNINITIALIZED_AUTOS = YES_AGGRESSIVE;
				GCC_WARN_UNUSED_FUNCTION = YES;
				GCC_WARN_UNUSED_VARIABLE = YES;
				IPHONEOS_DEPLOYMENT_TARGET = 9.2;
				MTL_ENABLE_DEBUG_INFO = YES;
				ONLY_ACTIVE_ARCH = YES;
				SDKROOT = iphoneos;
			};
			name = Debug;
		};
		EC57187A1C522EE10030C49B /* Release */ = {
			isa = XCBuildConfiguration;
			buildSettings = {
				ALWAYS_SEARCH_USER_PATHS = NO;
				CLANG_CXX_LANGUAGE_STANDARD = "gnu++0x";
				CLANG_CXX_LIBRARY = "libc++";
				CLANG_ENABLE_MODULES = YES;
				CLANG_ENABLE_OBJC_ARC = YES;
				CLANG_WARN_BOOL_CONVERSION = YES;
				CLANG_WARN_CONSTANT_CONVERSION = YES;
				CLANG_WARN_DIRECT_OBJC_ISA_USAGE = YES_ERROR;
				CLANG_WARN_EMPTY_BODY = YES;
				CLANG_WARN_ENUM_CONVERSION = YES;
				CLANG_WARN_INT_CONVERSION = YES;
				CLANG_WARN_OBJC_ROOT_CLASS = YES_ERROR;
				CLANG_WARN_UNREACHABLE_CODE = YES;
				CLANG_WARN__DUPLICATE_METHOD_MATCH = YES;
				"CODE_SIGN_IDENTITY[sdk=iphoneos*]" = "iPhone Developer";
				COPY_PHASE_STRIP = NO;
				DEBUG_INFORMATION_FORMAT = "dwarf-with-dsym";
				ENABLE_NS_ASSERTIONS = NO;
				ENABLE_STRICT_OBJC_MSGSEND = YES;
				GCC_C_LANGUAGE_STANDARD = gnu99;
				GCC_NO_COMMON_BLOCKS = YES;
				GCC_WARN_64_TO_32_BIT_CONVERSION = YES;
				GCC_WARN_ABOUT_RETURN_TYPE = YES_ERROR;
				GCC_WARN_UNDECLARED_SELECTOR = YES;
				GCC_WARN_UNINITIALIZED_AUTOS = YES_AGGRESSIVE;
				GCC_WARN_UNUSED_FUNCTION = YES;
				GCC_WARN_UNUSED_VARIABLE = YES;
				IPHONEOS_DEPLOYMENT_TARGET = 9.2;
				MTL_ENABLE_DEBUG_INFO = NO;
				SDKROOT = iphoneos;
				VALIDATE_PRODUCT = YES;
			};
			name = Release;
		};
		EC57187C1C522EE10030C49B /* Debug */ = {
			isa = XCBuildConfiguration;
			baseConfigurationReference = 981FE933B8707D203BE3260B /* Pods-Twitter Search.debug.xcconfig */;
			buildSettings = {
				ASSETCATALOG_COMPILER_APPICON_NAME = AppIcon;
				INFOPLIST_FILE = "Twitter Search/Info.plist";
				IPHONEOS_DEPLOYMENT_TARGET = 7.0;
				LD_RUNPATH_SEARCH_PATHS = "$(inherited) @executable_path/Frameworks";
				PRODUCT_BUNDLE_IDENTIFIER = "com.yogesh.Twitter-Search";
				PRODUCT_NAME = "$(TARGET_NAME)";
				TARGETED_DEVICE_FAMILY = "1,2";
			};
			name = Debug;
		};
		EC57187D1C522EE10030C49B /* Release */ = {
			isa = XCBuildConfiguration;
			baseConfigurationReference = 6022CEB3B83BD1AEA99EF06C /* Pods-Twitter Search.release.xcconfig */;
			buildSettings = {
				ASSETCATALOG_COMPILER_APPICON_NAME = AppIcon;
				INFOPLIST_FILE = "Twitter Search/Info.plist";
				IPHONEOS_DEPLOYMENT_TARGET = 7.0;
				LD_RUNPATH_SEARCH_PATHS = "$(inherited) @executable_path/Frameworks";
				PRODUCT_BUNDLE_IDENTIFIER = "com.yogesh.Twitter-Search";
				PRODUCT_NAME = "$(TARGET_NAME)";
				TARGETED_DEVICE_FAMILY = "1,2";
			};
			name = Release;
		};
/* End XCBuildConfiguration section */

/* Begin XCConfigurationList section */
		EC57185C1C522EE10030C49B /* Build configuration list for PBXProject "Twitter Search" */ = {
			isa = XCConfigurationList;
			buildConfigurations = (
				EC5718791C522EE10030C49B /* Debug */,
				EC57187A1C522EE10030C49B /* Release */,
			);
			defaultConfigurationIsVisible = 0;
			defaultConfigurationName = Release;
		};
		EC57187B1C522EE10030C49B /* Build configuration list for PBXNativeTarget "Twitter Search" */ = {
			isa = XCConfigurationList;
			buildConfigurations = (
				EC57187C1C522EE10030C49B /* Debug */,
				EC57187D1C522EE10030C49B /* Release */,
			);
			defaultConfigurationIsVisible = 0;
			defaultConfigurationName = Release;
		};
/* End XCConfigurationList section */

/* Begin XCVersionGroup section */
		EC5718701C522EE10030C49B /* Twitter_Search.xcdatamodeld */ = {
			isa = XCVersionGroup;
			children = (
				EC5718711C522EE10030C49B /* Twitter_Search.xcdatamodel */,
			);
			currentVersion = EC5718711C522EE10030C49B /* Twitter_Search.xcdatamodel */;
			path = Twitter_Search.xcdatamodeld;
			sourceTree = "<group>";
			versionGroupType = wrapper.xcdatamodel;
		};
/* End XCVersionGroup section */
	};
	rootObject = EC5718591C522EE10030C49B /* Project object */;
}
